<?xml version="1.0" encoding="utf-8"?>
<Project ToolsVersion="4.0" xmlns="http://schemas.microsoft.com/developer/msbuild/2003">
  <ItemGroup>
    <Filter Include="assets">
      <UniqueIdentifier>{583885F2-44DA-AFC8-2D95-C31C19D63619}</UniqueIdentifier>
    </Filter>
    <Filter Include="assets\fonts">
      <UniqueIdentifier>{B114ABAA-9D77-3A4F-46FD-7205323F06D2}</UniqueIdentifier>
    </Filter>
    <Filter Include="assets\fonts\Roboto">
      <UniqueIdentifier>{3533B903-A194-9611-2A02-DDC39662CDD0}</UniqueIdentifier>
    </Filter>
    <Filter Include="assets\shaders">
      <UniqueIdentifier>{51CD2FD9-3D9B-23DF-262F-9405129CFF43}</UniqueIdentifier>
    </Filter>
    <Filter Include="assets\textures">
      <UniqueIdentifier>{4B894D3B-B714-BBFF-C025-3EF42C301700}</UniqueIdentifier>
    </Filter>
    <Filter Include="src">
      <UniqueIdentifier>{2DAB880B-99B4-887C-2230-9F7C8E38947C}</UniqueIdentifier>
    </Filter>
  </ItemGroup>
  <ItemGroup>
    <ClInclude Include="src\EditorApp.h">
      <Filter>src</Filter>
    </ClInclude>
    <ClInclude Include="src\HierarchyPanel.h">
      <Filter>src</Filter>
    </ClInclude>
  </ItemGroup>
  <ItemGroup>
    <ClCompile Include="src\EditorApp.cpp">
      <Filter>src</Filter>
    </ClCompile>
    <ClCompile Include="src\HierarchyPanel.cpp">
      <Filter>src</Filter>
    </ClCompile>
  </ItemGroup>
  <ItemGroup>
    <None Include="assets\fonts\Roboto\Roboto-Black.ttf">
      <Filter>assets\fonts\Roboto</Filter>
    </None>
    <None Include="assets\fonts\Roboto\Roboto-BlackItalic.ttf">
      <Filter>assets\fonts\Roboto</Filter>
    </None>
    <None Include="assets\fonts\Roboto\Roboto-Bold.ttf">
      <Filter>assets\fonts\Roboto</Filter>
    </None>
    <None Include="assets\fonts\Roboto\Roboto-BoldItalic.ttf">
      <Filter>assets\fonts\Roboto</Filter>
    </None>
    <None Include="assets\fonts\Roboto\Roboto-Italic.ttf">
      <Filter>assets\fonts\Roboto</Filter>
    </None>
    <None Include="assets\fonts\Roboto\Roboto-Light.ttf">
      <Filter>assets\fonts\Roboto</Filter>
    </None>
    <None Include="assets\fonts\Roboto\Roboto-LightItalic.ttf">
      <Filter>assets\fonts\Roboto</Filter>
    </None>
    <None Include="assets\fonts\Roboto\Roboto-Medium.ttf">
      <Filter>assets\fonts\Roboto</Filter>
    </None>
    <None Include="assets\fonts\Roboto\Roboto-MediumItalic.ttf">
      <Filter>assets\fonts\Roboto</Filter>
    </None>
    <None Include="assets\fonts\Roboto\Roboto-Regular.ttf">
      <Filter>assets\fonts\Roboto</Filter>
    </None>
    <None Include="assets\fonts\Roboto\Roboto-Thin.ttf">
      <Filter>assets\fonts\Roboto</Filter>
    </None>
    <None Include="assets\fonts\Roboto\Roboto-ThinItalic.ttf">
      <Filter>assets\fonts\Roboto</Filter>
    </None>
    <None Include="assets\shaders\FlatColorShader.glsl">
      <Filter>assets\shaders</Filter>
    </None>
    <None Include="assets\shaders\TextureShader.glsl">
      <Filter>assets\shaders</Filter>
    </None>
  </ItemGroup>
  <ItemGroup>
    <Image Include="assets\textures\test_texture.png">
      <Filter>assets\textures</Filter>
    </Image>
  </ItemGroup>
</Project>